
Microsoft Visual Studio Solution File, Format Version 12.00
# Visual Studio 15
VisualStudioVersion = 15.0.26228.4
MinimumVisualStudioVersion = 10.0.40219.1
Project("{FAE04EC0-301F-11D3-BF4B-00C04F79EFBC}") = "IOCContainer", "IOCContainer\IOCContainer.csproj", "{C3004E9C-137A-4A49-ABFD-4D78FC55177D}"
EndProject
Project("{FAE04EC0-301F-11D3-BF4B-00C04F79EFBC}") = "MVCTest", "MVCTest\MVCTest.csproj", "{F002FB97-DF09-43D4-95A5-BCF25C912736}"
EndProject
Project("{2150E333-8FDC-42A3-9474-1A3956D46DE8}") = "Presentation", "Presentation", "{0763CE93-A09C-475F-9639-BC5D4364041A}"
EndProject
Project("{2150E333-8FDC-42A3-9474-1A3956D46DE8}") = "Interfaces", "Interfaces", "{3697924B-9D46-4FA2-99B7-2FEAB93C8AA7}"
EndProject
Project("{2150E333-8FDC-42A3-9474-1A3956D46DE8}") = "ApplicationServices", "ApplicationServices", "{DF440E22-CF1C-4851-9D97-805706C2CC9B}"
EndProject
Project("{2150E333-8FDC-42A3-9474-1A3956D46DE8}") = "Model", "Model", "{DF80C11A-09FE-4574-807F-8386EE38230D}"
EndProject
Project("{2150E333-8FDC-42A3-9474-1A3956D46DE8}") = "InfraStructure", "InfraStructure", "{A59253B0-D30D-4735-A622-BD78D086387E}"
EndProject
Project("{2150E333-8FDC-42A3-9474-1A3956D46DE8}") = "Persistence", "Persistence", "{BE5BC946-5427-4D13-A805-B5B3CB617F7A}"
EndProject
Project("{2150E333-8FDC-42A3-9474-1A3956D46DE8}") = "Dummy", "Dummy", "{4837A2C3-A82E-4DA2-803F-0711C4E45FB5}"
EndProject
Project("{FAE04EC0-301F-11D3-BF4B-00C04F79EFBC}") = "TrainingCourses.Presentation.Web", "TrainingCourses.Presentation.Web\TrainingCourses.Presentation.Web.csproj", "{8D423E70-E3CA-4117-A17F-0B76326EECE8}"
EndProject
Project("{FAE04EC0-301F-11D3-BF4B-00C04F79EFBC}") = "FactoryMethodTest", "FactoryMethodTest\FactoryMethodTest.csproj", "{2327BC6F-2F4D-4B2C-8A54-8E835F64D379}"
EndProject
Project("{FAE04EC0-301F-11D3-BF4B-00C04F79EFBC}") = "AbstractFactoryTest", "AbstractFactoryTest\AbstractFactoryTest.csproj", "{704173ED-51A2-4CF8-92FA-EEC91ED4D9F2}"
EndProject
Project("{FAE04EC0-301F-11D3-BF4B-00C04F79EFBC}") = "SingletoneTest", "SingleToneTest\SingletoneTest.csproj", "{5F22066A-44F9-4CBC-8E17-71DAA07B8E02}"
EndProject
Project("{FAE04EC0-301F-11D3-BF4B-00C04F79EFBC}") = "CompositeTest", "CompositeTest\CompositeTest.csproj", "{192BC75D-4C22-4165-B1BC-4561A485DBDC}"
EndProject
Project("{FAE04EC0-301F-11D3-BF4B-00C04F79EFBC}") = "Decorator", "Decorator\Decorator.csproj", "{DC33B844-116F-4717-8589-1374C28D477C}"
EndProject
Project("{FAE04EC0-301F-11D3-BF4B-00C04F79EFBC}") = "TrainingCourses.Model", "TrainingCourses.Model\TrainingCourses.Model.csproj", "{C1115A80-4B78-4E54-A3B7-7E57DDD20D4E}"
EndProject
Project("{FAE04EC0-301F-11D3-BF4B-00C04F79EFBC}") = "TrainingCourses.Interface", "TrainingCourses.Interface\TrainingCourses.Interface.csproj", "{9AB68601-DBE5-4E25-A5B8-0F32A4FBCDEC}"
EndProject
Project("{FAE04EC0-301F-11D3-BF4B-00C04F79EFBC}") = "TrainingCourses.Contract", "TrainingCourses.Contract\TrainingCourses.Contract.csproj", "{C6B3B319-D93F-419F-AE4F-6858483F3824}"
EndProject
Project("{FAE04EC0-301F-11D3-BF4B-00C04F79EFBC}") = "TrainingCourses.Persistence", "TrainingCourses.Persistence\TrainingCourses.Persistence.csproj", "{4C8C1F50-D35B-4BC6-A54B-9CD838B6B316}"
EndProject
Project("{FAE04EC0-301F-11D3-BF4B-00C04F79EFBC}") = "TrainingCourses.Services", "TrainingCourses.Services\TrainingCourses.Services.csproj", "{C4E7B7BD-7829-4F7D-9A18-F1669F901FA4}"
EndProject
Project("{FAE04EC0-301F-11D3-BF4B-00C04F79EFBC}") = "TrainingCourses.Services.Contract", "TrainingCourses.Services.Contract\TrainingCourses.Services.Contract.csproj", "{97ECFA3E-09CC-4014-89C1-4982DF8D399E}"
EndProject
Project("{FAE04EC0-301F-11D3-BF4B-00C04F79EFBC}") = "FacadeTest", "FacadeTest\FacadeTest.csproj", "{695369B0-2638-4773-8E12-5CC2399B0A14}"
EndProject
Global
	GlobalSection(SolutionConfigurationPlatforms) = preSolution
		Debug|Any CPU = Debug|Any CPU
		Release|Any CPU = Release|Any CPU
	EndGlobalSection
	GlobalSection(ProjectConfigurationPlatforms) = postSolution
		{C3004E9C-137A-4A49-ABFD-4D78FC55177D}.Debug|Any CPU.ActiveCfg = Debug|Any CPU
		{C3004E9C-137A-4A49-ABFD-4D78FC55177D}.Debug|Any CPU.Build.0 = Debug|Any CPU
		{C3004E9C-137A-4A49-ABFD-4D78FC55177D}.Release|Any CPU.ActiveCfg = Release|Any CPU
		{C3004E9C-137A-4A49-ABFD-4D78FC55177D}.Release|Any CPU.Build.0 = Release|Any CPU
		{F002FB97-DF09-43D4-95A5-BCF25C912736}.Debug|Any CPU.ActiveCfg = Debug|Any CPU
		{F002FB97-DF09-43D4-95A5-BCF25C912736}.Debug|Any CPU.Build.0 = Debug|Any CPU
		{F002FB97-DF09-43D4-95A5-BCF25C912736}.Release|Any CPU.ActiveCfg = Release|Any CPU
		{F002FB97-DF09-43D4-95A5-BCF25C912736}.Release|Any CPU.Build.0 = Release|Any CPU
		{8D423E70-E3CA-4117-A17F-0B76326EECE8}.Debug|Any CPU.ActiveCfg = Debug|Any CPU
		{8D423E70-E3CA-4117-A17F-0B76326EECE8}.Debug|Any CPU.Build.0 = Debug|Any CPU
		{8D423E70-E3CA-4117-A17F-0B76326EECE8}.Release|Any CPU.ActiveCfg = Release|Any CPU
		{8D423E70-E3CA-4117-A17F-0B76326EECE8}.Release|Any CPU.Build.0 = Release|Any CPU
		{2327BC6F-2F4D-4B2C-8A54-8E835F64D379}.Debug|Any CPU.ActiveCfg = Debug|Any CPU
		{2327BC6F-2F4D-4B2C-8A54-8E835F64D379}.Debug|Any CPU.Build.0 = Debug|Any CPU
		{2327BC6F-2F4D-4B2C-8A54-8E835F64D379}.Release|Any CPU.ActiveCfg = Release|Any CPU
		{2327BC6F-2F4D-4B2C-8A54-8E835F64D379}.Release|Any CPU.Build.0 = Release|Any CPU
		{704173ED-51A2-4CF8-92FA-EEC91ED4D9F2}.Debug|Any CPU.ActiveCfg = Debug|Any CPU
		{704173ED-51A2-4CF8-92FA-EEC91ED4D9F2}.Debug|Any CPU.Build.0 = Debug|Any CPU
		{704173ED-51A2-4CF8-92FA-EEC91ED4D9F2}.Release|Any CPU.ActiveCfg = Release|Any CPU
		{704173ED-51A2-4CF8-92FA-EEC91ED4D9F2}.Release|Any CPU.Build.0 = Release|Any CPU
		{5F22066A-44F9-4CBC-8E17-71DAA07B8E02}.Debug|Any CPU.ActiveCfg = Debug|Any CPU
		{5F22066A-44F9-4CBC-8E17-71DAA07B8E02}.Debug|Any CPU.Build.0 = Debug|Any CPU
		{5F22066A-44F9-4CBC-8E17-71DAA07B8E02}.Release|Any CPU.ActiveCfg = Release|Any CPU
		{5F22066A-44F9-4CBC-8E17-71DAA07B8E02}.Release|Any CPU.Build.0 = Release|Any CPU
		{192BC75D-4C22-4165-B1BC-4561A485DBDC}.Debug|Any CPU.ActiveCfg = Debug|Any CPU
		{192BC75D-4C22-4165-B1BC-4561A485DBDC}.Debug|Any CPU.Build.0 = Debug|Any CPU
		{192BC75D-4C22-4165-B1BC-4561A485DBDC}.Release|Any CPU.ActiveCfg = Release|Any CPU
		{192BC75D-4C22-4165-B1BC-4561A485DBDC}.Release|Any CPU.Build.0 = Release|Any CPU
		{DC33B844-116F-4717-8589-1374C28D477C}.Debug|Any CPU.ActiveCfg = Debug|Any CPU
		{DC33B844-116F-4717-8589-1374C28D477C}.Debug|Any CPU.Build.0 = Debug|Any CPU
		{DC33B844-116F-4717-8589-1374C28D477C}.Release|Any CPU.ActiveCfg = Release|Any CPU
		{DC33B844-116F-4717-8589-1374C28D477C}.Release|Any CPU.Build.0 = Release|Any CPU
		{C1115A80-4B78-4E54-A3B7-7E57DDD20D4E}.Debug|Any CPU.ActiveCfg = Debug|Any CPU
		{C1115A80-4B78-4E54-A3B7-7E57DDD20D4E}.Debug|Any CPU.Build.0 = Debug|Any CPU
		{C1115A80-4B78-4E54-A3B7-7E57DDD20D4E}.Release|Any CPU.ActiveCfg = Release|Any CPU
		{C1115A80-4B78-4E54-A3B7-7E57DDD20D4E}.Release|Any CPU.Build.0 = Release|Any CPU
		{9AB68601-DBE5-4E25-A5B8-0F32A4FBCDEC}.Debug|Any CPU.ActiveCfg = Debug|Any CPU
		{9AB68601-DBE5-4E25-A5B8-0F32A4FBCDEC}.Debug|Any CPU.Build.0 = Debug|Any CPU
		{9AB68601-DBE5-4E25-A5B8-0F32A4FBCDEC}.Release|Any CPU.ActiveCfg = Release|Any CPU
		{9AB68601-DBE5-4E25-A5B8-0F32A4FBCDEC}.Release|Any CPU.Build.0 = Release|Any CPU
		{C6B3B319-D93F-419F-AE4F-6858483F3824}.Debug|Any CPU.ActiveCfg = Debug|Any CPU
		{C6B3B319-D93F-419F-AE4F-6858483F3824}.Debug|Any CPU.Build.0 = Debug|Any CPU
		{C6B3B319-D93F-419F-AE4F-6858483F3824}.Release|Any CPU.ActiveCfg = Release|Any CPU
		{C6B3B319-D93F-419F-AE4F-6858483F3824}.Release|Any CPU.Build.0 = Release|Any CPU
		{4C8C1F50-D35B-4BC6-A54B-9CD838B6B316}.Debug|Any CPU.ActiveCfg = Debug|Any CPU
		{4C8C1F50-D35B-4BC6-A54B-9CD838B6B316}.Debug|Any CPU.Build.0 = Debug|Any CPU
		{4C8C1F50-D35B-4BC6-A54B-9CD838B6B316}.Release|Any CPU.ActiveCfg = Release|Any CPU
		{4C8C1F50-D35B-4BC6-A54B-9CD838B6B316}.Release|Any CPU.Build.0 = Release|Any CPU
		{C4E7B7BD-7829-4F7D-9A18-F1669F901FA4}.Debug|Any CPU.ActiveCfg = Debug|Any CPU
		{C4E7B7BD-7829-4F7D-9A18-F1669F901FA4}.Debug|Any CPU.Build.0 = Debug|Any CPU
		{C4E7B7BD-7829-4F7D-9A18-F1669F901FA4}.Release|Any CPU.ActiveCfg = Release|Any CPU
		{C4E7B7BD-7829-4F7D-9A18-F1669F901FA4}.Release|Any CPU.Build.0 = Release|Any CPU
		{97ECFA3E-09CC-4014-89C1-4982DF8D399E}.Debug|Any CPU.ActiveCfg = Debug|Any CPU
		{97ECFA3E-09CC-4014-89C1-4982DF8D399E}.Debug|Any CPU.Build.0 = Debug|Any CPU
		{97ECFA3E-09CC-4014-89C1-4982DF8D399E}.Release|Any CPU.ActiveCfg = Release|Any CPU
		{97ECFA3E-09CC-4014-89C1-4982DF8D399E}.Release|Any CPU.Build.0 = Release|Any CPU
		{695369B0-2638-4773-8E12-5CC2399B0A14}.Debug|Any CPU.ActiveCfg = Debug|Any CPU
		{695369B0-2638-4773-8E12-5CC2399B0A14}.Debug|Any CPU.Build.0 = Debug|Any CPU
		{695369B0-2638-4773-8E12-5CC2399B0A14}.Release|Any CPU.ActiveCfg = Release|Any CPU
		{695369B0-2638-4773-8E12-5CC2399B0A14}.Release|Any CPU.Build.0 = Release|Any CPU
	EndGlobalSection
	GlobalSection(SolutionProperties) = preSolution
		HideSolutionNode = FALSE
	EndGlobalSection
	GlobalSection(NestedProjects) = preSolution
		{C3004E9C-137A-4A49-ABFD-4D78FC55177D} = {4837A2C3-A82E-4DA2-803F-0711C4E45FB5}
		{F002FB97-DF09-43D4-95A5-BCF25C912736} = {4837A2C3-A82E-4DA2-803F-0711C4E45FB5}
		{BE5BC946-5427-4D13-A805-B5B3CB617F7A} = {A59253B0-D30D-4735-A622-BD78D086387E}
		{8D423E70-E3CA-4117-A17F-0B76326EECE8} = {0763CE93-A09C-475F-9639-BC5D4364041A}
		{2327BC6F-2F4D-4B2C-8A54-8E835F64D379} = {4837A2C3-A82E-4DA2-803F-0711C4E45FB5}
		{704173ED-51A2-4CF8-92FA-EEC91ED4D9F2} = {4837A2C3-A82E-4DA2-803F-0711C4E45FB5}
		{5F22066A-44F9-4CBC-8E17-71DAA07B8E02} = {4837A2C3-A82E-4DA2-803F-0711C4E45FB5}
		{192BC75D-4C22-4165-B1BC-4561A485DBDC} = {4837A2C3-A82E-4DA2-803F-0711C4E45FB5}
		{DC33B844-116F-4717-8589-1374C28D477C} = {4837A2C3-A82E-4DA2-803F-0711C4E45FB5}
		{C1115A80-4B78-4E54-A3B7-7E57DDD20D4E} = {DF80C11A-09FE-4574-807F-8386EE38230D}
		{9AB68601-DBE5-4E25-A5B8-0F32A4FBCDEC} = {3697924B-9D46-4FA2-99B7-2FEAB93C8AA7}
		{C6B3B319-D93F-419F-AE4F-6858483F3824} = {3697924B-9D46-4FA2-99B7-2FEAB93C8AA7}
		{4C8C1F50-D35B-4BC6-A54B-9CD838B6B316} = {BE5BC946-5427-4D13-A805-B5B3CB617F7A}
		{C4E7B7BD-7829-4F7D-9A18-F1669F901FA4} = {DF440E22-CF1C-4851-9D97-805706C2CC9B}
		{97ECFA3E-09CC-4014-89C1-4982DF8D399E} = {DF440E22-CF1C-4851-9D97-805706C2CC9B}
		{695369B0-2638-4773-8E12-5CC2399B0A14} = {4837A2C3-A82E-4DA2-803F-0711C4E45FB5}
	EndGlobalSection
EndGlobal
